
Microsoft Visual Studio Solution File, Format Version 12.00
# Visual Studio 2013
VisualStudioVersion = 12.0.40629.0
MinimumVisualStudioVersion = 10.0.40219.1
Project("{8BC9CEB8-8B4A-11D0-8D11-00A0C91BC942}") = "LayerInterface", "LayerInterface\LayerInterface.vcxproj", "{60B9C98F-7C8D-47A4-8D93-35F7419D86B9}"
EndProject
Project("{8BC9CEB8-8B4A-11D0-8D11-00A0C91BC942}") = "IPLayer", "IPLayer\IPLayer.vcxproj", "{476F1BED-94BF-42F5-881A-11C9EEBF4A84}"
	ProjectSection(ProjectDependencies) = postProject
		{D339BA22-A727-4DA5-B438-36D8F0F018A2} = {D339BA22-A727-4DA5-B438-36D8F0F018A2}
		{60B9C98F-7C8D-47A4-8D93-35F7419D86B9} = {60B9C98F-7C8D-47A4-8D93-35F7419D86B9}
	EndProjectSection
EndProject
Project("{8BC9CEB8-8B4A-11D0-8D11-00A0C91BC942}") = "LayerTest", "LayerTest\LayerTest.vcxproj", "{2B78FBC1-5405-4397-9CFF-A8C3E24E2FDD}"
	ProjectSection(ProjectDependencies) = postProject
		{757A3720-1C5C-44F7-8BE3-7D8E5EE9E299} = {757A3720-1C5C-44F7-8BE3-7D8E5EE9E299}
		{D339BA22-A727-4DA5-B438-36D8F0F018A2} = {D339BA22-A727-4DA5-B438-36D8F0F018A2}
		{293D4C4C-1417-4FF1-B326-C5B3810AB7EA} = {293D4C4C-1417-4FF1-B326-C5B3810AB7EA}
		{60B9C98F-7C8D-47A4-8D93-35F7419D86B9} = {60B9C98F-7C8D-47A4-8D93-35F7419D86B9}
		{47D538AF-8A5E-4F96-BBE1-4E978F47C359} = {47D538AF-8A5E-4F96-BBE1-4E978F47C359}
		{476F1BED-94BF-42F5-881A-11C9EEBF4A84} = {476F1BED-94BF-42F5-881A-11C9EEBF4A84}
	EndProjectSection
EndProject
Project("{8BC9CEB8-8B4A-11D0-8D11-00A0C91BC942}") = "LinkLayer", "LinkLayer\LinkLayer.vcxproj", "{293D4C4C-1417-4FF1-B326-C5B3810AB7EA}"
	ProjectSection(ProjectDependencies) = postProject
		{D339BA22-A727-4DA5-B438-36D8F0F018A2} = {D339BA22-A727-4DA5-B438-36D8F0F018A2}
		{60B9C98F-7C8D-47A4-8D93-35F7419D86B9} = {60B9C98F-7C8D-47A4-8D93-35F7419D86B9}
		{476F1BED-94BF-42F5-881A-11C9EEBF4A84} = {476F1BED-94BF-42F5-881A-11C9EEBF4A84}
	EndProjectSection
EndProject
Project("{8BC9CEB8-8B4A-11D0-8D11-00A0C91BC942}") = "HTTP", "HTTP\HTTP.vcxproj", "{47D538AF-8A5E-4F96-BBE1-4E978F47C359}"
	ProjectSection(ProjectDependencies) = postProject
		{60B9C98F-7C8D-47A4-8D93-35F7419D86B9} = {60B9C98F-7C8D-47A4-8D93-35F7419D86B9}
	EndProjectSection
EndProject
Project("{8BC9CEB8-8B4A-11D0-8D11-00A0C91BC942}") = "DatagramCheck", "DatagramCheck\DatagramCheck.vcxproj", "{757A3720-1C5C-44F7-8BE3-7D8E5EE9E299}"
EndProject
Project("{8BC9CEB8-8B4A-11D0-8D11-00A0C91BC942}") = "TransportLayer", "TransportLayer\TransportLayer.vcxproj", "{D339BA22-A727-4DA5-B438-36D8F0F018A2}"
	ProjectSection(ProjectDependencies) = postProject
		{60B9C98F-7C8D-47A4-8D93-35F7419D86B9} = {60B9C98F-7C8D-47A4-8D93-35F7419D86B9}
	EndProjectSection
EndProject
Project("{8BC9CEB8-8B4A-11D0-8D11-00A0C91BC942}") = "Service", "Service\Service.vcxproj", "{30F4675A-2F04-442B-9178-897810DE2DC1}"
EndProject
Project("{8BC9CEB8-8B4A-11D0-8D11-00A0C91BC942}") = "Socket", "Socket\Socket.vcxproj", "{FA2A81FC-A767-48E5-89FF-A24F0B7AD43F}"
EndProject
Global
	GlobalSection(SolutionConfigurationPlatforms) = preSolution
		Debug|Win32 = Debug|Win32
		Release|Win32 = Release|Win32
	EndGlobalSection
	GlobalSection(ProjectConfigurationPlatforms) = postSolution
		{60B9C98F-7C8D-47A4-8D93-35F7419D86B9}.Debug|Win32.ActiveCfg = Debug|Win32
		{60B9C98F-7C8D-47A4-8D93-35F7419D86B9}.Debug|Win32.Build.0 = Debug|Win32
		{60B9C98F-7C8D-47A4-8D93-35F7419D86B9}.Release|Win32.ActiveCfg = Release|Win32
		{60B9C98F-7C8D-47A4-8D93-35F7419D86B9}.Release|Win32.Build.0 = Release|Win32
		{476F1BED-94BF-42F5-881A-11C9EEBF4A84}.Debug|Win32.ActiveCfg = Debug|Win32
		{476F1BED-94BF-42F5-881A-11C9EEBF4A84}.Debug|Win32.Build.0 = Debug|Win32
		{476F1BED-94BF-42F5-881A-11C9EEBF4A84}.Release|Win32.ActiveCfg = Release|Win32
		{476F1BED-94BF-42F5-881A-11C9EEBF4A84}.Release|Win32.Build.0 = Release|Win32
		{2B78FBC1-5405-4397-9CFF-A8C3E24E2FDD}.Debug|Win32.ActiveCfg = Debug|Win32
		{2B78FBC1-5405-4397-9CFF-A8C3E24E2FDD}.Debug|Win32.Build.0 = Debug|Win32
		{2B78FBC1-5405-4397-9CFF-A8C3E24E2FDD}.Release|Win32.ActiveCfg = Release|Win32
		{2B78FBC1-5405-4397-9CFF-A8C3E24E2FDD}.Release|Win32.Build.0 = Release|Win32
		{293D4C4C-1417-4FF1-B326-C5B3810AB7EA}.Debug|Win32.ActiveCfg = Debug|Win32
		{293D4C4C-1417-4FF1-B326-C5B3810AB7EA}.Debug|Win32.Build.0 = Debug|Win32
		{293D4C4C-1417-4FF1-B326-C5B3810AB7EA}.Release|Win32.ActiveCfg = Release|Win32
		{293D4C4C-1417-4FF1-B326-C5B3810AB7EA}.Release|Win32.Build.0 = Release|Win32
		{47D538AF-8A5E-4F96-BBE1-4E978F47C359}.Debug|Win32.ActiveCfg = Debug|Win32
		{47D538AF-8A5E-4F96-BBE1-4E978F47C359}.Debug|Win32.Build.0 = Debug|Win32
		{47D538AF-8A5E-4F96-BBE1-4E978F47C359}.Release|Win32.ActiveCfg = Release|Win32
		{47D538AF-8A5E-4F96-BBE1-4E978F47C359}.Release|Win32.Build.0 = Release|Win32
		{757A3720-1C5C-44F7-8BE3-7D8E5EE9E299}.Debug|Win32.ActiveCfg = Debug|Win32
		{757A3720-1C5C-44F7-8BE3-7D8E5EE9E299}.Debug|Win32.Build.0 = Debug|Win32
		{757A3720-1C5C-44F7-8BE3-7D8E5EE9E299}.Release|Win32.ActiveCfg = Release|Win32
		{757A3720-1C5C-44F7-8BE3-7D8E5EE9E299}.Release|Win32.Build.0 = Release|Win32
		{D339BA22-A727-4DA5-B438-36D8F0F018A2}.Debug|Win32.ActiveCfg = Debug|Win32
		{D339BA22-A727-4DA5-B438-36D8F0F018A2}.Debug|Win32.Build.0 = Debug|Win32
		{D339BA22-A727-4DA5-B438-36D8F0F018A2}.Release|Win32.ActiveCfg = Release|Win32
		{D339BA22-A727-4DA5-B438-36D8F0F018A2}.Release|Win32.Build.0 = Release|Win32
		{30F4675A-2F04-442B-9178-897810DE2DC1}.Debug|Win32.ActiveCfg = Debug|Win32
		{30F4675A-2F04-442B-9178-897810DE2DC1}.Debug|Win32.Build.0 = Debug|Win32
		{30F4675A-2F04-442B-9178-897810DE2DC1}.Release|Win32.ActiveCfg = Release|Win32
		{30F4675A-2F04-442B-9178-897810DE2DC1}.Release|Win32.Build.0 = Release|Win32
		{FA2A81FC-A767-48E5-89FF-A24F0B7AD43F}.Debug|Win32.ActiveCfg = Debug|Win32
		{FA2A81FC-A767-48E5-89FF-A24F0B7AD43F}.Debug|Win32.Build.0 = Debug|Win32
		{FA2A81FC-A767-48E5-89FF-A24F0B7AD43F}.Release|Win32.ActiveCfg = Release|Win32
		{FA2A81FC-A767-48E5-89FF-A24F0B7AD43F}.Release|Win32.Build.0 = Release|Win32
	EndGlobalSection
	GlobalSection(SolutionProperties) = preSolution
		HideSolutionNode = FALSE
	EndGlobalSection
EndGlobal
