<?xml version="1.0" encoding="utf-8"?>
<Project ToolsVersion="4.0" xmlns="http://schemas.microsoft.com/developer/msbuild/2003">
  <ItemGroup>
    <Filter Include="Source Files">
      <UniqueIdentifier>{4FC737F1-C7A5-4376-A066-2A32D752A2FF}</UniqueIdentifier>
      <Extensions>cpp;c;cc;cxx;def;odl;idl;hpj;bat;asm;asmx</Extensions>
    </Filter>
    <Filter Include="Header Files">
      <UniqueIdentifier>{93995380-89BD-4b04-88EB-625FBE52EBFB}</UniqueIdentifier>
      <Extensions>h;hh;hpp;hxx;hm;inl;inc;xsd</Extensions>
    </Filter>
    <Filter Include="Resource Files">
      <UniqueIdentifier>{67DA6AB6-F800-4c08-8B7A-83BB121AAD01}</UniqueIdentifier>
      <Extensions>rc;ico;cur;bmp;dlg;rc2;rct;bin;rgs;gif;jpg;jpeg;jpe;resx;tiff;tif;png;wav;mfcribbon-ms</Extensions>
    </Filter>
  </ItemGroup>
  <ItemGroup>
    <Text Include="ReadMe.txt" />
  </ItemGroup>
  <ItemGroup>
    <ClInclude Include="stdafx.h">
      <Filter>Header Files</Filter>
    </ClInclude>
    <ClInclude Include="targetver.h">
      <Filter>Header Files</Filter>
    </ClInclude>
    <ClInclude Include="IPLayer.h">
      <Filter>Header Files</Filter>
    </ClInclude>
    <ClInclude Include="RouteProto.h">
      <Filter>Header Files</Filter>
    </ClInclude>
    <ClInclude Include="OSFPRouteProto.h">
      <Filter>Header Files</Filter>
    </ClInclude>
    <ClInclude Include="RIPRouteProto.h">
      <Filter>Header Files</Filter>
    </ClInclude>
    <ClInclude Include="NATProto.h">
      <Filter>Header Files</Filter>
    </ClInclude>
    <ClInclude Include="IPClip.h">
      <Filter>Header Files</Filter>
    </ClInclude>
    <ClInclude Include="ForwardTabel.h">
      <Filter>Header Files</Filter>
    </ClInclude>
  </ItemGroup>
  <ItemGroup>
    <ClCompile Include="stdafx.cpp">
      <Filter>Source Files</Filter>
    </ClCompile>
    <ClCompile Include="IPLayer.cpp">
      <Filter>Source Files</Filter>
    </ClCompile>
    <ClCompile Include="dllmain.cpp">
      <Filter>Source Files</Filter>
    </ClCompile>
    <ClCompile Include="RouteProto.cpp">
      <Filter>Source Files</Filter>
    </ClCompile>
    <ClCompile Include="OSFPRouteProto.cpp">
      <Filter>Source Files</Filter>
    </ClCompile>
    <ClCompile Include="RIPRouteProto.cpp">
      <Filter>Source Files</Filter>
    </ClCompile>
    <ClCompile Include="NATProto.cpp">
      <Filter>Source Files</Filter>
    </ClCompile>
    <ClCompile Include="IPClip.cpp">
      <Filter>Source Files</Filter>
    </ClCompile>
    <ClCompile Include="ForwardTabel.cpp">
      <Filter>Source Files</Filter>
    </ClCompile>
  </ItemGroup>
</Project>